// !$*UTF8*$!
{
	archiveVersion = 1;
	classes = {
	};
	objectVersion = 46;
	objects = {

/* Begin PBXBuildFile section */
		94E686B71D2ECA6E0088AF9D /* main.m in Sources */ = {isa = PBXBuildFile; fileRef = 94E686B61D2ECA6E0088AF9D /* main.m */; };
		94E686BA1D2ECA6E0088AF9D /* AppDelegate.m in Sources */ = {isa = PBXBuildFile; fileRef = 94E686B91D2ECA6E0088AF9D /* AppDelegate.m */; };
		94E686BD1D2ECA6E0088AF9D /* ViewController.m in Sources */ = {isa = PBXBuildFile; fileRef = 94E686BC1D2ECA6E0088AF9D /* ViewController.m */; };
		94E686C01D2ECA6E0088AF9D /* Main.storyboard in Resources */ = {isa = PBXBuildFile; fileRef = 94E686BE1D2ECA6E0088AF9D /* Main.storyboard */; };
		94E686C21D2ECA6E0088AF9D /* Assets.xcassets in Resources */ = {isa = PBXBuildFile; fileRef = 94E686C11D2ECA6E0088AF9D /* Assets.xcassets */; };
		94E686C51D2ECA6E0088AF9D /* LaunchScreen.storyboard in Resources */ = {isa = PBXBuildFile; fileRef = 94E686C31D2ECA6E0088AF9D /* LaunchScreen.storyboard */; };
/* End PBXBuildFile section */

/* Begin PBXFileReference section */
		94E686B21D2ECA6E0088AF9D /* AutoLayout.app */ = {isa = PBXFileReference; explicitFileType = wrapper.application; includeInIndex = 0; path = AutoLayout.app; sourceTree = BUILT_PRODUCTS_DIR; };
		94E686B61D2ECA6E0088AF9D /* main.m */ = {isa = PBXFileReference; lastKnownFileType = sourcecode.c.objc; path = main.m; sourceTree = "<group>"; };
		94E686B81D2ECA6E0088AF9D /* AppDelegate.h */ = {isa = PBXFileReference; lastKnownFileType = sourcecode.c.h; path = AppDelegate.h; sourceTree = "<group>"; };
		94E686B91D2ECA6E0088AF9D /* AppDelegate.m */ = {isa = PBXFileReference; lastKnownFileType = sourcecode.c.objc; path = AppDelegate.m; sourceTree = "<group>"; };
		94E686BB1D2ECA6E0088AF9D /* ViewController.h */ = {isa = PBXFileReference; lastKnownFileType = sourcecode.c.h; path = ViewController.h; sourceTree = "<group>"; };
		94E686BC1D2ECA6E0088AF9D /* ViewController.m */ = {isa = PBXFileReference; lastKnownFileType = sourcecode.c.objc; path = ViewController.m; sourceTree = "<group>"; };
		94E686BF1D2ECA6E0088AF9D /* Base */ = {isa = PBXFileReference; lastKnownFileType = file.storyboard; name = Base; path = Base.lproj/Main.storyboard; sourceTree = "<group>"; };
		94E686C11D2ECA6E0088AF9D /* Assets.xcassets */ = {isa = PBXFileReference; lastKnownFileType = folder.assetcatalog; path = Assets.xcassets; sourceTree = "<group>"; };
		94E686C41D2ECA6E0088AF9D /* Base */ = {isa = PBXFileReference; lastKnownFileType = file.storyboard; name = Base; path = Base.lproj/LaunchScreen.storyboard; sourceTree = "<group>"; };
		94E686C61D2ECA6E0088AF9D /* Info.plist */ = {isa = PBXFileReference; lastKnownFileType = text.plist.xml; path = Info.plist; sourceTree = "<group>"; };
/* End PBXFileReference section */

/* Begin PBXFrameworksBuildPhase section */
		94E686AF1D2ECA6E0088AF9D /* Frameworks */ = {
			isa = PBXFrameworksBuildPhase;
			buildActionMask = 2147483647;
			files = (
			);
			runOnlyForDeploymentPostprocessing = 0;
		};
/* End PBXFrameworksBuildPhase section */

/* Begin PBXGroup section */
		94E686A91D2ECA6E0088AF9D = {
			isa = PBXGroup;
			children = (
				94E686B41D2ECA6E0088AF9D /* AutoLayout */,
				94E686B31D2ECA6E0088AF9D /* Products */,
			);
			sourceTree = "<group>";
		};
		94E686B31D2ECA6E0088AF9D /* Products */ = {
			isa = PBXGroup;
			children = (
				94E686B21D2ECA6E0088AF9D /* AutoLayout.app */,
			);
			name = Products;
			sourceTree = "<group>";
		};
		94E686B41D2ECA6E0088AF9D /* AutoLayout */ = {
			isa = PBXGroup;
			children = (
				94E686B81D2ECA6E0088AF9D /* AppDelegate.h */,
				94E686B91D2ECA6E0088AF9D /* AppDelegate.m */,
				94E686BB1D2ECA6E0088AF9D /* ViewController.h */,
				94E686BC1D2ECA6E0088AF9D /* ViewController.m */,
				94E686BE1D2ECA6E0088AF9D /* Main.storyboard */,
				94E686C11D2ECA6E0088AF9D /* Assets.xcassets */,
				94E686C31D2ECA6E0088AF9D /* LaunchScreen.storyboard */,
				94E686C61D2ECA6E0088AF9D /* Info.plist */,
				94E686B51D2ECA6E0088AF9D /* Supporting Files */,
			);
			path = AutoLayout;
			sourceTree = "<group>";
		};
		94E686B51D2ECA6E0088AF9D /* Supporting Files */ = {
			isa = PBXGroup;
			children = (
				94E686B61D2ECA6E0088AF9D /* main.m */,
			);
			name = "Supporting Files";
			sourceTree = "<group>";
		};
/* End PBXGroup section */

/* Begin PBXNativeTarget section */
		94E686B11D2ECA6E0088AF9D /* AutoLayout */ = {
			isa = PBXNativeTarget;
			buildConfigurationList = 94E686C91D2ECA6E0088AF9D /* Build configuration list for PBXNativeTarget "AutoLayout" */;
			buildPhases = (
				94E686AE1D2ECA6E0088AF9D /* Sources */,
				94E686AF1D2ECA6E0088AF9D /* Frameworks */,
				94E686B01D2ECA6E0088AF9D /* Resources */,
			);
			buildRules = (
			);
			dependencies = (
			);
			name = AutoLayout;
			productName = AutoLayout;
			productReference = 94E686B21D2ECA6E0088AF9D /* AutoLayout.app */;
			productType = "com.apple.product-type.application";
		};
/* End PBXNativeTarget section */

/* Begin PBXProject section */
		94E686AA1D2ECA6E0088AF9D /* Project object */ = {
			isa = PBXProject;
			attributes = {
				LastUpgradeCheck = 0730;
				ORGANIZATIONNAME = "Ryan Cortez";
				TargetAttributes = {
					94E686B11D2ECA6E0088AF9D = {
						CreatedOnToolsVersion = 7.3.1;
					};
				};
			};
			buildConfigurationList = 94E686AD1D2ECA6E0088AF9D /* Build configuration list for PBXProject "AutoLayout" */;
			compatibilityVersion = "Xcode 3.2";
			developmentRegion = English;
			hasScannedForEncodings = 0;
			knownRegions = (
				en,
				Base,
			);
			mainGroup = 94E686A91D2ECA6E0088AF9D;
			productRefGroup = 94E686B31D2ECA6E0088AF9D /* Products */;
			projectDirPath = "";
			projectRoot = "";
			targets = (
				94E686B11D2ECA6E0088AF9D /* AutoLayout */,
			);
		};
/* End PBXProject section */

/* Begin PBXResourcesBuildPhase section */
		94E686B01D2ECA6E0088AF9D /* Resources */ = {
			isa = PBXResourcesBuildPhase;
			buildActionMask = 2147483647;
			files = (
				94E686C51D2ECA6E0088AF9D /* LaunchScreen.storyboard in Resources */,
				94E686C21D2ECA6E0088AF9D /* Assets.xcassets in Resources */,
				94E686C01D2ECA6E0088AF9D /* Main.storyboard in Resources */,
			);
			runOnlyForDeploymentPostprocessing = 0;
		};
/* End PBXResourcesBuildPhase section */

/* Begin PBXSourcesBuildPhase section */
		94E686AE1D2ECA6E0088AF9D /* Sources */ = {
			isa = PBXSourcesBuildPhase;
			buildActionMask = 2147483647;
			files = (
				94E686BD1D2ECA6E0088AF9D /* ViewController.m in Sources */,
				94E686BA1D2ECA6E0088AF9D /* AppDelegate.m in Sources */,
				94E686B71D2ECA6E0088AF9D /* main.m in Sources */,
			);
			runOnlyForDeploymentPostprocessing = 0;
		};
/* End PBXSourcesBuildPhase section */

/* Begin PBXVariantGroup section */
		94E686BE1D2ECA6E0088AF9D /* Main.storyboard */ = {
			isa = PBXVariantGroup;
			children = (
				94E686BF1D2ECA6E0088AF9D /* Base */,
			);
			name = Main.storyboard;
			sourceTree = "<group>";
		};
		94E686C31D2ECA6E0088AF9D /* LaunchScreen.storyboard */ = {
			isa = PBXVariantGroup;
			children = (
				94E686C41D2ECA6E0088AF9D /* Base */,
			);
			name = LaunchScreen.storyboard;
			sourceTree = "<group>";
		};
/* End PBXVariantGroup section */

/* Begin XCBuildConfiguration section */
		94E686C71D2ECA6E0088AF9D /* Debug */ = {
			isa = XCBuildConfiguration;
			buildSettings = {
				ALWAYS_SEARCH_USER_PATHS = NO;
				CLANG_ANALYZER_NONNULL = YES;
				CLANG_CXX_LANGUAGE_STANDARD = "gnu++0x";
				CLANG_CXX_LIBRARY = "libc++";
				CLANG_ENABLE_MODULES = YES;
				CLANG_ENABLE_OBJC_ARC = YES;
				CLANG_WARN_BOOL_CONVERSION = YES;
				CLANG_WARN_CONSTANT_CONVERSION = YES;
				CLANG_WARN_DIRECT_OBJC_ISA_USAGE = YES_ERROR;
				CLANG_WARN_EMPTY_BODY = YES;
				CLANG_WARN_ENUM_CONVERSION = YES;
				CLANG_WARN_INT_CONVERSION = YES;
				CLANG_WARN_OBJC_ROOT_CLASS = YES_ERROR;
				CLANG_WARN_UNREACHABLE_CODE = YES;
				CLANG_WARN__DUPLICATE_METHOD_MATCH = YES;
				"CODE_SIGN_IDENTITY[sdk=iphoneos*]" = "iPhone Developer";
				COPY_PHASE_STRIP = NO;
				DEBUG_INFORMATION_FORMAT = dwarf;
				ENABLE_STRICT_OBJC_MSGSEND = YES;
				ENABLE_TESTABILITY = YES;
				GCC_C_LANGUAGE_STANDARD = gnu99;
				GCC_DYNAMIC_NO_PIC = NO;
				GCC_NO_COMMON_BLOCKS = YES;
				GCC_OPTIMIZATION_LEVEL = 0;
				GCC_PREPROCESSOR_DEFINITIONS = (
					"DEBUG=1",
					"$(inherited)",
				);
				GCC_WARN_64_TO_32_BIT_CONVERSION = YES;
				GCC_WARN_ABOUT_RETURN_TYPE = YES_ERROR;
				GCC_WARN_UNDECLARED_SELECTOR = YES;
				GCC_WARN_UNINITIALIZED_AUTOS = YES_AGGRESSIVE;
				GCC_WARN_UNUSED_FUNCTION = YES;
				GCC_WARN_UNUSED_VARIABLE = YES;
				IPHONEOS_DEPLOYMENT_TARGET = 9.3;
				MTL_ENABLE_DEBUG_INFO = YES;
				ONLY_ACTIVE_ARCH = YES;
				SDKROOT = iphoneos;
				TARGETED_DEVICE_FAMILY = "1,2";
			};
			name = Debug;
		};
		94E686C81D2ECA6E0088AF9D /* Release */ = {
			isa = XCBuildConfiguration;
			buildSettings = {
				ALWAYS_SEARCH_USER_PATHS = NO;
				CLANG_ANALYZER_NONNULL = YES;
				CLANG_CXX_LANGUAGE_STANDARD = "gnu++0x";
				CLANG_CXX_LIBRARY = "libc++";
				CLANG_ENABLE_MODULES = YES;
				CLANG_ENABLE_OBJC_ARC = YES;
				CLANG_WARN_BOOL_CONVERSION = YES;
				CLANG_WARN_CONSTANT_CONVERSION = YES;
				CLANG_WARN_DIRECT_OBJC_ISA_USAGE = YES_ERROR;
				CLANG_WARN_EMPTY_BODY = YES;
				CLANG_WARN_ENUM_CONVERSION = YES;
				CLANG_WARN_INT_CONVERSION = YES;
				CLANG_WARN_OBJC_ROOT_CLASS = YES_ERROR;
				CLANG_WARN_UNREACHABLE_CODE = YES;
				CLANG_WARN__DUPLICATE_METHOD_MATCH = YES;
				"CODE_SIGN_IDENTITY[sdk=iphoneos*]" = "iPhone Developer";
				COPY_PHASE_STRIP = NO;
				DEBUG_INFORMATION_FORMAT = "dwarf-with-dsym";
				ENABLE_NS_ASSERTIONS = NO;
				ENABLE_STRICT_OBJC_MSGSEND = YES;
				GCC_C_LANGUAGE_STANDARD = gnu99;
				GCC_NO_COMMON_BLOCKS = YES;
				GCC_WARN_64_TO_32_BIT_CONVERSION = YES;
				GCC_WARN_ABOUT_RETURN_TYPE = YES_ERROR;
				GCC_WARN_UNDECLARED_SELECTOR = YES;
				GCC_WARN_UNINITIALIZED_AUTOS = YES_AGGRESSIVE;
				GCC_WARN_UNUSED_FUNCTION = YES;
				GCC_WARN_UNUSED_VARIABLE = YES;
				IPHONEOS_DEPLOYMENT_TARGET = 9.3;
				MTL_ENABLE_DEBUG_INFO = NO;
				SDKROOT = iphoneos;
				TARGETED_DEVICE_FAMILY = "1,2";
				VALIDATE_PRODUCT = YES;
			};
			name = Release;
		};
		94E686CA1D2ECA6E0088AF9D /* Debug */ = {
			isa = XCBuildConfiguration;
			buildSettings = {
				ASSETCATALOG_COMPILER_APPICON_NAME = AppIcon;
				INFOPLIST_FILE = AutoLayout/Info.plist;
				LD_RUNPATH_SEARCH_PATHS = "$(inherited) @executable_path/Frameworks";
				PRODUCT_BUNDLE_IDENTIFIER = ryancortez.AutoLayout;
				PRODUCT_NAME = "$(TARGET_NAME)";
			};
			name = Debug;
		};
		94E686CB1D2ECA6E0088AF9D /* Release */ = {
			isa = XCBuildConfiguration;
			buildSettings = {
				ASSETCATALOG_COMPILER_APPICON_NAME = AppIcon;
				INFOPLIST_FILE = AutoLayout/Info.plist;
				LD_RUNPATH_SEARCH_PATHS = "$(inherited) @executable_path/Frameworks";
				PRODUCT_BUNDLE_IDENTIFIER = ryancortez.AutoLayout;
				PRODUCT_NAME = "$(TARGET_NAME)";
			};
			name = Release;
		};
/* End XCBuildConfiguration section */

/* Begin XCConfigurationList section */
		94E686AD1D2ECA6E0088AF9D /* Build configuration list for PBXProject "AutoLayout" */ = {
			isa = XCConfigurationList;
			buildConfigurations = (
				94E686C71D2ECA6E0088AF9D /* Debug */,
				94E686C81D2ECA6E0088AF9D /* Release */,
			);
			defaultConfigurationIsVisible = 0;
			defaultConfigurationName = Release;
		};
		94E686C91D2ECA6E0088AF9D /* Build configuration list for PBXNativeTarget "AutoLayout" */ = {
			isa = XCConfigurationList;
			buildConfigurations = (
				94E686CA1D2ECA6E0088AF9D /* Debug */,
				94E686CB1D2ECA6E0088AF9D /* Release */,
			);
			defaultConfigurationIsVisible = 0;
			defaultConfigurationName = Release;
		};
/* End XCConfigurationList section */
	};
	rootObject = 94E686AA1D2ECA6E0088AF9D /* Project object */;
}
